charm.land/bubbles/v2 v2.1.0 h1:YSnNh5cPYlYjPxRrzs5VEn3vwhtEn3jVGRBT3M7/I0g=
charm.land/bubbles/v2 v2.1.0/go.mod h1:l97h4hym2hvWBVfmJDtrEHHCtkIKeTEb3TTJ4ZOB3wY=
charm.land/bubbletea/v2 v2.0.6 h1:UHN/91OyuhaOFGSrBXQ/hMZD8IO1Uc4BvHlgHXL2WJo=
charm.land/bubbletea/v2 v2.0.6/go.mod h1:MH/D8ZLlN3op37vQvijKuU29g3rqTp+aQapURFonF9g=
charm.land/log/v2 v2.0.0 h1:SY3Cey7ipx86/MBXQHwsguOT6X1exT94mmJRdzTNs+s=
charm.land/log/v2 v2.0.0/go.mod h1:c3cZSRqm20qUVVAR1WmS/7ab8bgha3C6G7DjPcaVZz0=
github.com/BurntSushi/toml v1.6.0 h1:dRaEfpa2VI55EwlIW72hMRHdWouJeRF7TPYhI+AUQjk=
github.com/BurntSushi/toml v1.6.0/go.mod h1:ukJfTF/6rtPPRCnwkur4qwRxa8vTRFBF0uk2lLoLwho=
github.com/CircleCI-Public/chunk-cli v0.7.48 h1:cN/E2fvw/QgHhnaB9JwswRpWm2DG9F6PeLQ98w9TRKI=
github.com/CircleCI-Public/chunk-cli v0.7.48/go.mod h1:u3BO5yK84ks/op7MYpS7JVxOb2bNibfQkayFwF+vp6U=
github.com/MakeNowJust/heredoc v1.0.0 h1:cXCdzVdstXyiTqTvfqk9SDHpKNjxuom+DOlyEeQ4pzQ=
github.com/MakeNowJust/heredoc v1.0.0/go.mod h1:mG5amYoWBHf8vpLOuehzbGGw0EHxpZZ6lCpQ4fNJ8LE=
github.com/ajg/form v1.5.1/go.mod h1:uL1WgH+h2mgNtvBq0339dVnzXdBETtL2LeUXaIv25UY=
github.com/ajg/form v1.7.1 h1:OsnBDzTkrWdrxvEnO68I72ZVGJGNaMwPhoAm0V+llgc=
github.com/ajg/form v1.7.1/go.mod h1:HL757PzLyNkj5AIfptT6L+iGNeXTlnrr/oDePGc/y7Q=
github.com/alecthomas/assert/v2 v2.11.0 h1:2Q9r3ki8+JYXvGsDyBXwH3LcJ+WK5D0gc5E8vS6K3D0=
github.com/alecthomas/assert/v2 v2.11.0/go.mod h1:Bze95FyfUr7x34QZrjL+XP+0qgp/zg8yS+TtBj1WA3k=
github.com/alecthomas/chroma/v2 v2.24.1 h1:m5ffpfZbIb++k8AqFEKy9uVgY12xIQtBsQlc6DfZJQM=
github.com/alecthomas/chroma/v2 v2.24.1/go.mod h1:l+ohZ9xRXIbGe7cIW+YZgOGbvuVLjMps/FYN/CwuabI=
github.com/alecthomas/repr v0.5.2 h1:SU73FTI9D1P5UNtvseffFSGmdNci/O6RsqzeXJtP0Qs=
github.com/alecthomas/repr v0.5.2/go.mod h1:Fr0507jx4eOXV7AlPV6AVZLYrLIuIeSOWtW57eE/O/4=
github.com/atotto/clipboard v0.1.4 h1:EH0zSVneZPSuFR11BlR9YppQTVDbh5+16AmcJi4g1z4=
github.com/atotto/clipboard v0.1.4/go.mod h1:ZY9tmq7sm5xIbd9bOK4onWV4S6X0u6GY7Vn0Yu86PYI=
github.com/aymanbagabas/go-udiff v0.4.1 h1:OEIrQ8maEeDBXQDoGCbbTTXYJMYRCRO1fnodZ12Gv5o=
github.com/aymanbagabas/go-udiff v0.4.1/go.mod h1:0L9PGwj20lrtmEMeyw4WKJ/TMyDtvAoK9bf2u/mNo3w=
github.com/aymerick/douceur v0.2.0 h1:Mv+mAeH1Q+n9Fr+oyamOlAkUNPWPlA8PPGR0QAaYuPk=
github.com/aymerick/douceur v0.2.0/go.mod h1:wlT5vV2O3h55X9m7iVYN0TBM0NH/MmbLnd30/FjWUq4=
github.com/bmizerany/assert v0.0.0-20160611221934-b7ed37b82869 h1:DDGfHa7BWjL4YnC6+E63dPcxHo2sUxDIu8g3QgEJdRY=
github.com/bmizerany/assert v0.0.0-20160611221934-b7ed37b82869/go.mod h1:Ekp36dRnpXw/yCqJaO+ZrUyxD+3VXMFFr56k5XYrpB4=
github.com/charmbracelet/colorprofile v0.4.3 h1:QPa1IWkYI+AOB+fE+mg/5/4HRMZcaXex9t5KX76i20Q=
github.com/charmbracelet/colorprofile v0.4.3/go.mod h1:/zT4BhpD5aGFpqQQqw7a+VtHCzu+zrQtt1zhMt9mR4Q=
github.com/charmbracelet/ultraviolet v0.0.0-20260428153724-66037269d7be h1:j7w8VP/D4lu5+/4GamMmFy8nrtadcl82/fjvDgSHwLo=
github.com/charmbracelet/ultraviolet v0.0.0-20260428153724-66037269d7be/go.mod h1:3YdTxlnV/L0bQ3VN8WOSw8doF7LZV/xawUQ4MuAPDvo=
github.com/charmbracelet/x/ansi v0.11.7 h1:kzv1kJvjg2S3r9KHo8hDdHFQLEqn4RBCb39dAYC84jI=
github.com/charmbracelet/x/ansi v0.11.7/go.mod h1:9qGpnAVYz+8ACONkZBUWPtL7lulP9No6p1epAihUZwQ=
github.com/charmbracelet/x/conpty v0.2.0 h1:eKtA2hm34qNfgJCDp/M6Dc0gLy7e07YEK4qAdNGOvVY=
github.com/charmbracelet/x/conpty v0.2.0/go.mod h1:fexgUnVrZgw8scD49f6VSi0Ggj9GWYIrpedRthAwW/8=
github.com/charmbracelet/x/exp/golden v0.0.0-20250806222409-83e3a29d542f h1:pk6gmGpCE7F3FcjaOEKYriCvpmIN4+6OS/RD0vm4uIA=
github.com/charmbracelet/x/exp/golden v0.0.0-20250806222409-83e3a29d542f/go.mod h1:IfZAMTHB6XkZSeXUqriemErjAWCCzT0LwjKFYCZyw0I=
github.com/charmbracelet/x/exp/ordered v0.1.0 h1:55/qLwjIh0gL0Vni+QAWk7T/qRVP6sBf+2agPBgnOFE=
github.com/charmbracelet/x/exp/ordered v0.1.0/go.mod h1:5UHwmG+is5THxMyCJHNPCn2/ecI07aKNrW+LcResjJ8=
github.com/charmbracelet/x/exp/slice v0.0.0-20260503005035-c113ba3d2310 h1:PMjHdSo8Vpq9psUw9BoHo9JLPMkm9Hqb+Whk64n3AQQ=
github.com/charmbracelet/x/exp/slice v0.0.0-20260503005035-c113ba3d2310/go.mod h1:vqEfX6xzqW1pKKZUUiFOKg0OQ7bCh54Q2vR/tserrRA=
github.com/charmbracelet/x/term v0.2.2 h1:xVRT/S2ZcKdhhOuSP4t5cLi5o+JxklsoEObBSgfgZRk=
github.com/charmbracelet/x/term v0.2.2/go.mod h1:kF8CY5RddLWrsgVwpw4kAa6TESp6EB5y3uxGLeCqzAI=
github.com/charmbracelet/x/termios v0.1.1 h1:o3Q2bT8eqzGnGPOYheoYS8eEleT5ZVNYNy8JawjaNZY=
github.com/charmbracelet/x/termios v0.1.1/go.mod h1:rB7fnv1TgOPOyyKRJ9o+AsTU/vK5WHJ2ivHeut/Pcwo=
github.com/charmbracelet/x/vt v0.0.0-20260608090822-c3ad58c6c9e5 h1:toMXjNGDJHiYk6QYiQohMasbGSKnZv12RZAGJhM8OIs=
github.com/charmbracelet/x/vt v0.0.0-20260608090822-c3ad58c6c9e5/go.mod h1:u1LOIABor9JqY54oZdktK3TCRrgzP6tzHrDYx1nd3wY=
github.com/charmbracelet/x/windows v0.2.2 h1:IofanmuvaxnKHuV04sC0eBy/smG6kIKrWG2/jYn2GuM=
github.com/charmbracelet/x/windows v0.2.2/go.mod h1:/8XtdKZzedat74NQFn0NGlGL4soHB0YQZrETF96h75k=
github.com/charmbracelet/x/xpty v0.1.3 h1:eGSitii4suhzrISYH50ZfufV3v085BXQwIytcOdFSsw=
github.com/charmbracelet/x/xpty v0.1.3/go.mod h1:poPYpWuLDBFCKmKLDnhBp51ATa0ooD8FhypRwEFtH3Y=
github.com/cli/browser v1.3.0 h1:LejqCrpWr+1pRqmEPDGnTZOjsMe7sehifLynZJuqJpo=
github.com/cli/browser v1.3.0/go.mod h1:HH8s+fOAxjhQoBUAsKuPCbqUuxZDhQ2/aD+SzsEfBTk=
github.com/clipperhouse/displaywidth v0.11.0 h1:lBc6kY44VFw+TDx4I8opi/EtL9m20WSEFgwIwO+UVM8=
github.com/clipperhouse/displaywidth v0.11.0/go.mod h1:bkrFNkf81G8HyVqmKGxsPufD3JhNl3dSqnGhOoSD/o0=
github.com/clipperhouse/uax29/v2 v2.7.0 h1:+gs4oBZ2gPfVrKPthwbMzWZDaAFPGYK72F0NJv2v7Vk=
github.com/clipperhouse/uax29/v2 v2.7.0/go.mod h1:EFJ2TJMRUaplDxHKj1qAEhCtQPW2tJSwu5BF98AuoVM=
github.com/cpuguy83/go-md2man/v2 v2.0.6/go.mod h1:oOW0eioCTA6cOiMLiUPZOpcVxMig6NIQQ7OS05n1F4g=
github.com/creack/pty v1.1.9/go.mod h1:oKZEueFk5CKHvIhNR5MUki03XCEU+Q6VDXinZuGJ33E=
github.com/creack/pty v1.1.24 h1:bJrF4RRfyJnbTJqzRLHzcGaZK1NeM5kTC9jGgovnR1s=
github.com/creack/pty v1.1.24/go.mod h1:08sCNb52WyoAwi2QDyzUCTgcvVFhUzewun7wtTfvcwE=
github.com/danieljoos/wincred v1.2.3 h1:v7dZC2x32Ut3nEfRH+vhoZGvN72+dQ/snVXo/vMFLdQ=
github.com/danieljoos/wincred v1.2.3/go.mod h1:6qqX0WNrS4RzPZ1tnroDzq9kY3fu1KwE7MRLQK4X0bs=
github.com/davecgh/go-spew v1.1.2-0.20180830191138-d8f796af33cc h1:U9qPSI2PIWSS1VwoXQT9A3Wy9MM3WgvqSxFWenqJduM=
github.com/davecgh/go-spew v1.1.2-0.20180830191138-d8f796af33cc/go.mod h1:J7Y8YcW2NihsgmVo/mv3lAwl/skON4iLHjSsI+c5H38=
github.com/dlclark/regexp2 v1.12.0 h1:0j4c5qQmnC6XOWNjP3PIXURXN2gWx76rd3KvgdPkCz8=
github.com/dlclark/regexp2 v1.12.0/go.mod h1:DHkYz0B9wPfa6wondMfaivmHpzrQ3v9q8cnmRbL6yW8=
github.com/ebitengine/purego v0.10.0 h1:QIw4xfpWT6GWTzaW5XEKy3HXoqrJGx1ijYHzTF0/ISU=
github.com/ebitengine/purego v0.10.0/go.mod h1:iIjxzd6CiRiOG0UyXP+V1+jWqUXVjPKLAI0mRfJZTmQ=
github.com/fatih/color v1.19.0 h1:Zp3PiM21/9Ld6FzSKyL5c/BULoe/ONr9KlbYVOfG8+w=
github.com/fatih/color v1.19.0/go.mod h1:zNk67I0ZUT1bEGsSGyCZYZNrHuTkJJB+r6Q9VuMi0LE=
github.com/go-chi/chi/v5 v5.2.5 h1:Eg4myHZBjyvJmAFjFvWgrqDTXFyOzjj7YIm3L3mu6Ug=
github.com/go-chi/chi/v5 v5.2.5/go.mod h1:X7Gx4mteadT3eDOMTsXzmI4/rwUpOwBHLpAfupzFJP0=
github.com/go-chi/render v1.0.3 h1:AsXqd2a1/INaIfUSKq3G5uA8weYx20FOsM7uSoCyyt4=
github.com/go-chi/render v1.0.3/go.mod h1:/gr3hVkmYR0YlEy3LxCuVRFzEu9Ruok+gFqbIofjao0=
github.com/go-logfmt/logfmt v0.6.1 h1:4hvbpePJKnIzH1B+8OR/JPbTx37NktoI9LE2QZBBkvE=
github.com/go-logfmt/logfmt v0.6.1/go.mod h1:EV2pOAQoZaT1ZXZbqDl5hrymndi4SY9ED9/z6CO0XAk=
github.com/go-ole/go-ole v1.2.6 h1:/Fpf6oFPoeFik9ty7siob0G6Ke8QvQEuVcuChpwXzpY=
github.com/go-ole/go-ole v1.2.6/go.mod h1:pprOEPIfldk/42T2oK7lQ4v4JSDwmV0As9GaiUsvbm0=
github.com/godbus/dbus/v5 v5.2.2 h1:TUR3TgtSVDmjiXOgAAyaZbYmIeP3DPkld3jgKGV8mXQ=
github.com/godbus/dbus/v5 v5.2.2/go.mod h1:3AAv2+hPq5rdnr5txxxRwiGjPXamgoIHgz9FPBfOp3c=
github.com/gofrs/flock v0.13.0 h1:95JolYOvGMqeH31+FC7D2+uULf6mG61mEZ/A8dRYMzw=
github.com/gofrs/flock v0.13.0/go.mod h1:jxeyy9R1auM5S6JYDBhDt+E2TCo7DkratH4Pgi8P+Z0=
github.com/golang-jwt/jwt/v5 v5.3.1 h1:kYf81DTWFe7t+1VvL7eS+jKFVWaUnK9cB1qbwn63YCY=
github.com/golang-jwt/jwt/v5 v5.3.1/go.mod h1:fxCRLWMO43lRc8nhHWY6LGqRcf+1gQWArsqaEUEa5bE=
github.com/google/go-cmp v0.5.6/go.mod h1:v8dTdLbMG2kIc/vJvl+f65V22dbkXbowE6jgT/gNBxE=
github.com/google/go-cmp v0.7.0 h1:wk8382ETsv4JYUZwIsn6YpYiWiBsYLSJiTsyBybVuN8=
github.com/google/go-cmp v0.7.0/go.mod h1:pXiqmnSA92OHEEa9HXL2W4E7lf9JzCmGVUdgjX3N/iU=
github.com/google/jsonschema-go v0.4.3 h1:/DBOLZTfDow7pe2GmaJNhltueGTtDKICi8V8p+DQPd0=
github.com/google/jsonschema-go v0.4.3/go.mod h1:r5quNTdLOYEz95Ru18zA0ydNbBuYoo9tgaYcxEYhJVE=
github.com/google/uuid v1.6.0 h1:NIvaJDMOsjHA8n1jAhLSgzrAzy1Hgr+hNrb57e+94F0=
github.com/google/uuid v1.6.0/go.mod h1:TIyPZe4MgqvfeYDBFedMoGGpEw/LqOeaOT+nhxU+yHo=
github.com/gorilla/css v1.0.1 h1:ntNaBIghp6JmvWnxbZKANoLyuXTPZ4cAMlo6RyhlbO8=
github.com/gorilla/css v1.0.1/go.mod h1:BvnYkspnSzMmwRK+b8/xgNPLiIuNZr6vbZBTPQ2A3b0=
github.com/hashicorp/go-cleanhttp v0.5.2 h1:035FKYIWjmULyFRBKPs8TBQoi0x6d9G4xc9neXJWAZQ=
github.com/hashicorp/go-cleanhttp v0.5.2/go.mod h1:kO/YDlP8L1346E6Sodw+PrpBSV4/SoxCXGY6BqNFT48=
github.com/hashicorp/go-hclog v1.6.3 h1:Qr2kF+eVWjTiYmU7Y31tYlP1h0q/X3Nl3tPGdaB11/k=
github.com/hashicorp/go-hclog v1.6.3/go.mod h1:W4Qnvbt70Wk/zYJryRzDRU/4r0kIg0PVHBcfoyhpF5M=
github.com/hashicorp/go-retryablehttp v0.7.8 h1:ylXZWnqa7Lhqpk0L1P1LzDtGcCR0rPVUrx/c8Unxc48=
github.com/hashicorp/go-retryablehttp v0.7.8/go.mod h1:rjiScheydd+CxvumBsIrFKlx3iS0jrZ7LvzFGFmuKbw=
github.com/hexops/gotextdiff v1.0.3 h1:gitA9+qJrrTCsiCl7+kh75nPqQt1cx4ZkudSTLoUqJM=
github.com/hexops/gotextdiff v1.0.3/go.mod h1:pSWU5MAI3yDq+fZBTazCSJysOMbxWL1BSow5/V2vxeg=
github.com/inconshreveable/mousetrap v1.1.0 h1:wN+x4NVGpMsO7ErUn/mUI3vEoE6Jt13X2s0bqwp9tc8=
github.com/inconshreveable/mousetrap v1.1.0/go.mod h1:vpF70FUmC8bwa3OWnCshd2FqLfsEA9PFc4w1p2J65bw=
github.com/itchyny/gojq v0.12.19 h1:ttXA0XCLEMoaLOz5lSeFOZ6u6Q3QxmG46vfgI4O0DEs=
github.com/itchyny/gojq v0.12.19/go.mod h1:5galtVPDywX8SPSOrqjGxkBeDhSxEW1gSxoy7tn1iZY=
github.com/itchyny/timefmt-go v0.1.8 h1:1YEo1JvfXeAHKdjelbYr/uCuhkybaHCeTkH8Bo791OI=
github.com/itchyny/timefmt-go v0.1.8/go.mod h1:5E46Q+zj7vbTgWY8o5YkMeYb4I6GeWLFnetPy5oBrAI=
github.com/kr/pretty v0.3.1 h1:flRD4NNwYAUpkphVc1HcthR4KEIFJ65n8Mw5qdRn3LE=
github.com/kr/pretty v0.3.1/go.mod h1:hoEshYVHaxMs3cyo3Yncou5ZscifuDolrwPKZanG3xk=
github.com/kr/text v0.2.0 h1:5Nx0Ya0ZqY2ygV366QzturHI13Jq95ApcVaJBhpS+AY=
github.com/kr/text v0.2.0/go.mod h1:eLer722TekiGuMkidMxC/pM04lWEeraHUUmBw8l2grE=
github.com/lucasb-eyer/go-colorful v1.4.0 h1:UtrWVfLdarDgc44HcS7pYloGHJUjHV/4FwW4TvVgFr4=
github.com/lucasb-eyer/go-colorful v1.4.0/go.mod h1:R4dSotOR9KMtayYi1e77YzuveK+i7ruzyGqttikkLy0=
github.com/lufia/plan9stats v0.0.0-20211012122336-39d0f177ccd0 h1:6E+4a0GO5zZEnZ81pIr0yLvtUWk2if982qA3F3QD6H4=
github.com/lufia/plan9stats v0.0.0-20211012122336-39d0f177ccd0/go.mod h1:zJYVVT2jmtg6P3p1VtQj7WsuWi/y4VnjVBn7F8KPB3I=
github.com/mattn/go-colorable v0.1.14 h1:9A9LHSqF/7dyVVX6g0U9cwm9pG3kP9gSzcuIPHPsaIE=
github.com/mattn/go-colorable v0.1.14/go.mod h1:6LmQG8QLFO4G5z1gPvYEzlUgJ2wF+stgPZH1UqBm1s8=
github.com/mattn/go-isatty v0.0.20 h1:xfD0iDuEKnDkl03q4limB+vH+GxLEtL/jb4xVJSWWEY=
github.com/mattn/go-isatty v0.0.20/go.mod h1:W+V8PltTTMOvKvAeJH7IuucS94S2C6jfK/D7dTCTo3Y=
github.com/mattn/go-runewidth v0.0.23 h1:7ykA0T0jkPpzSvMS5i9uoNn2Xy3R383f9HDx3RybWcw=
github.com/mattn/go-runewidth v0.0.23/go.mod h1:XBkDxAl56ILZc9knddidhrOlY5R/pDhgLpndooCuJAs=
github.com/microcosm-cc/bluemonday v1.0.27 h1:MpEUotklkwCSLeH+Qdx1VJgNqLlpY2KXwXFM08ygZfk=
github.com/microcosm-cc/bluemonday v1.0.27/go.mod h1:jFi9vgW+H7c3V0lb6nR74Ib/DIB5OBs92Dimizgw2cA=
github.com/modelcontextprotocol/go-sdk v1.6.0 h1:PPLS3kn7WtOEnR+Af4X5H96SG0qSab8R/ZQT/HkhPkY=
github.com/modelcontextprotocol/go-sdk v1.6.0/go.mod h1:kzm3kzFL1/+AziGOE0nUs3gvPoNxMCvkxokMkuFapXQ=
github.com/muesli/cancelreader v0.2.2 h1:3I4Kt4BQjOR54NavqnDogx/MIoWBFa0StPA8ELUXHmA=
github.com/muesli/cancelreader v0.2.2/go.mod h1:3XuTXfFS2VjM+HTLZY9Ak0l6eUKfijIfMUZ4EgX0QYo=
github.com/muesli/mango v0.2.0 h1:iNNc0c5VLQ6fsMgAqGQofByNUBH2Q2nEbD6TaI+5yyQ=
github.com/muesli/mango v0.2.0/go.mod h1:5XFpbC8jY5UUv89YQciiXNlbi+iJgt29VDC5xbzrLL4=
github.com/muesli/mango-cobra v1.3.0 h1:vQy5GvPg3ndOSpduxutqFoINhWk3vD5K2dXo5E8pqec=
github.com/muesli/mango-cobra v1.3.0/go.mod h1:Cj1ZrBu3806Qw7UjxnAUgE+7tllUBj1NCLQDwwGx19E=
github.com/muesli/mango-pflag v0.1.0 h1:UADqbYgpUyRoBja3g6LUL+3LErjpsOwaC9ywvBWe7Sg=
github.com/muesli/mango-pflag v0.1.0/go.mod h1:YEQomTxaCUp8PrbhFh10UfbhbQrM/xJ4i2PB8VTLLW0=
github.com/muesli/roff v0.1.0 h1:YD0lalCotmYuF5HhZliKWlIx7IEhiXeSfq7hNjFqGF8=
github.com/muesli/roff v0.1.0/go.mod h1:pjAHQM9hdUUwm/krAfrLGgJkXJ+YuhtsfZ42kieB2Ig=
github.com/njayp/ophis v1.1.4 h1:6aq3UdU6MlGIjpg//IzKc2yIxHYMf6Rg1A5MLovM9gg=
github.com/njayp/ophis v1.1.4/go.mod h1:F9KEnfeCJzCWo3e0JP2QqSCN04bXptXl1ico5lcLeYg=
github.com/pete-woods/glamour/v2 v2.0.0-20260608100929-a377c27c0c6c h1:xUFe8mO/e+3Tm3zxxgb6XZ57N161Ta9D/2YA+FDu82A=
github.com/pete-woods/glamour/v2 v2.0.0-20260608100929-a377c27c0c6c/go.mod h1:GBCZIngt0wjRes6XiGSQueRDC/ETeGV/+Qz2nnfy4rQ=
github.com/pete-woods/go-expect v0.1.2 h1:EjVs75QFvIRMtDagkeSRHFZs0OyTReEExckzr8P7bdQ=
github.com/pete-woods/go-expect v0.1.2/go.mod h1:SuLVVtsOBMqVrA2lUvmPiS2v/MrQFRmrsqkxFoFDKuI=
github.com/pete-woods/lipgloss/v2 v2.0.0-20260608100114-97f639bdc7cf h1:nEeeIaUkoZheiAIjWbRZEkmRxwiGRw0bRpX7whqgxAc=
github.com/pete-woods/lipgloss/v2 v2.0.0-20260608100114-97f639bdc7cf/go.mod h1:0653x8epbZSzdDfO/XPS1a/uYPOBeSsCssOpJOqDzik=
github.com/pmezard/go-difflib v1.0.1-0.20181226105442-5d4384ee4fb2 h1:Jamvg5psRIccs7FGNTlIRMkT8wgtp5eCXdBlqhYGL6U=
github.com/pmezard/go-difflib v1.0.1-0.20181226105442-5d4384ee4fb2/go.mod h1:iKH77koFhYxTK1pcRnkKkqfTogsbg7gZNVY4sRDYZ/4=
github.com/power-devops/perfstat v0.0.0-20240221224432-82ca36839d55 h1:o4JXh1EVt9k/+g42oCprj/FisM4qX9L3sZB3upGN2ZU=
github.com/power-devops/perfstat v0.0.0-20240221224432-82ca36839d55/go.mod h1:OmDBASR4679mdNQnz2pUhc2G8CO2JrUAVFDRBDP/hJE=
github.com/rivo/uniseg v0.4.7 h1:WUdvkW8uEhrYfLC4ZzdpI2ztxP1I582+49Oc5Mq64VQ=
github.com/rivo/uniseg v0.4.7/go.mod h1:FN3SvrM+Zdj16jyLfmOkMNblXMcoc8DfTHruCPUcx88=
github.com/rogpeppe/go-internal v1.14.1 h1:UQB4HGPB6osV0SQTLymcB4TgvyWu6ZyliaW0tI/otEQ=
github.com/rogpeppe/go-internal v1.14.1/go.mod h1:MaRKkUm5W0goXpeCfT7UZI6fk/L7L7so1lCWt35ZSgc=
github.com/russross/blackfriday/v2 v2.1.0/go.mod h1:+Rmxgy9KzJVeS9/2gXHxylqXiyQDYRxCVz55jmeOWTM=
github.com/segmentio/analytics-go/v3 v3.3.0 h1:8VOMaVGBW03pdBrj1CMFfY9o/rnjJC+1wyQHlVxjw5o=
github.com/segmentio/analytics-go/v3 v3.3.0/go.mod h1:p8owAF8X+5o27jmvUognuXxdtqvSGtD0ZrfY2kcS9bE=
github.com/segmentio/asm v1.2.1 h1:DTNbBqs57ioxAD4PrArqftgypG4/qNpXoJx8TVXxPR0=
github.com/segmentio/asm v1.2.1/go.mod h1:BqMnlJP91P8d+4ibuonYZw9mfnzI9HfxselHZr5aAcs=
github.com/segmentio/backo-go v1.0.0 h1:kbOAtGJY2DqOR0jfRkYEorx/b18RgtepGtY3+Cpe6qA=
github.com/segmentio/backo-go v1.0.0/go.mod h1:kJ9mm9YmoWSkk+oQ+5Cj8DEoRCX2JT6As4kEtIIOp1M=
github.com/segmentio/encoding v0.5.4 h1:OW1VRern8Nw6ITAtwSZ7Idrl3MXCFwXHPgqESYfvNt0=
github.com/segmentio/encoding v0.5.4/go.mod h1:HS1ZKa3kSN32ZHVZ7ZLPLXWvOVIiZtyJnO1gPH1sKt0=
github.com/shirou/gopsutil/v4 v4.26.5 h1:RPcBXkpz7kOj9PqGFQOlBPZHsyaPvPVQc098y9RmCNM=
github.com/shirou/gopsutil/v4 v4.26.5/go.mod h1:LZ6ewCSkBqUpvSOf+LsTGnRinC6iaNUNMGBtDkJBaLQ=
github.com/spf13/cobra v1.10.2 h1:DMTTonx5m65Ic0GOoRY2c16WCbHxOOw6xxezuLaBpcU=
github.com/spf13/cobra v1.10.2/go.mod h1:7C1pvHqHw5A4vrJfjNwvOdzYu0Gml16OCs2GRiTUUS4=
github.com/spf13/pflag v1.0.9/go.mod h1:McXfInJRrz4CZXVZOBLb0bTZqETkiAhM9Iw0y3An2Bg=
github.com/spf13/pflag v1.0.10 h1:4EBh2KAYBwaONj6b2Ye1GiHfwjqyROoF4RwYO+vPwFk=
github.com/spf13/pflag v1.0.10/go.mod h1:McXfInJRrz4CZXVZOBLb0bTZqETkiAhM9Iw0y3An2Bg=
github.com/stretchr/objx v0.5.2 h1:xuMeJ0Sdp5ZMRXx/aWO6RZxdr3beISkG5/G/aIRr3pY=
github.com/stretchr/objx v0.5.2/go.mod h1:FRsXN1f5AsAjCGJKqEizvkpNtU+EGNCLh3NxZ/8L+MA=
github.com/stretchr/testify v1.11.1 h1:7s2iGBzp5EwR7/aIZr8ao5+dra3wiQyKjjFuvgVKu7U=
github.com/stretchr/testify v1.11.1/go.mod h1:wZwfW3scLgRK+23gO65QZefKpKQRnfz6sD981Nm4B6U=
github.com/tklauser/go-sysconf v0.3.16 h1:frioLaCQSsF5Cy1jgRBrzr6t502KIIwQ0MArYICU0nA=
github.com/tklauser/go-sysconf v0.3.16/go.mod h1:/qNL9xxDhc7tx3HSRsLWNnuzbVfh3e7gh/BmM179nYI=
github.com/tklauser/numcpus v0.11.0 h1:nSTwhKH5e1dMNsCdVBukSZrURJRoHbSEQjdEbY+9RXw=
github.com/tklauser/numcpus v0.11.0/go.mod h1:z+LwcLq54uWZTX0u/bGobaV34u6V7KNlTZejzM6/3MQ=
github.com/xo/terminfo v0.0.0-20220910002029-abceb7e1c41e h1:JVG44RsyaB9T2KIHavMF/ppJZNG9ZpyihvCd0w101no=
github.com/xo/terminfo v0.0.0-20220910002029-abceb7e1c41e/go.mod h1:RbqR21r5mrJuqunuUZ/Dhy/avygyECGrLceyNeo4LiM=
github.com/yosida95/uritemplate/v3 v3.0.2 h1:Ed3Oyj9yrmi9087+NczuL5BwkIc4wvTb5zIM+UJPGz4=
github.com/yosida95/uritemplate/v3 v3.0.2/go.mod h1:ILOh0sOhIJR3+L/8afwt/kE++YT040gmv5BQTMR2HP4=
github.com/yuin/goldmark v1.8.2 h1:kEGpgqJXdgbkhcOgBxkC0X0PmoPG1ZyoZ117rDVp4zE=
github.com/yuin/goldmark v1.8.2/go.mod h1:ip/1k0VRfGynBgxOz0yCqHrbZXhcjxyuS66Brc7iBKg=
github.com/yuin/goldmark-emoji v1.0.6 h1:QWfF2FYaXwL74tfGOW5izeiZepUDroDJfWubQI9HTHs=
github.com/yuin/goldmark-emoji v1.0.6/go.mod h1:ukxJDKFpdFb5x0a5HqbdlcKtebh086iJpI31LTKmWuA=
github.com/yusufpapurcu/wmi v1.2.4 h1:zFUKzehAFReQwLys1b/iSMl+JQGSCSjtVqQn9bBrPo0=
github.com/yusufpapurcu/wmi v1.2.4/go.mod h1:SBZ9tNy3G9/m5Oi98Zks0QjeHVDvuK0qfxQmPyzfmi0=
github.com/zalando/go-keyring v0.2.8 h1:6sD/Ucpl7jNq10rM2pgqTs0sZ9V3qMrqfIIy5YPccHs=
github.com/zalando/go-keyring v0.2.8/go.mod h1:tsMo+VpRq5NGyKfxoBVjCuMrG47yj8cmakZDO5QGii0=
go.yaml.in/yaml/v3 v3.0.4/go.mod h1:DhzuOOF2ATzADvBadXxruRBLzYTpT36CKvDb3+aBEFg=
golang.org/x/exp v0.0.0-20260410095643-746e56fc9e2f h1:W3F4c+6OLc6H2lb//N1q4WpJkhzJCK5J6kUi1NTVXfM=
golang.org/x/exp v0.0.0-20260410095643-746e56fc9e2f/go.mod h1:J1xhfL/vlindoeF/aINzNzt2Bket5bjo9sdOYzOsU80=
golang.org/x/net v0.53.0 h1:d+qAbo5L0orcWAr0a9JweQpjXF19LMXJE8Ey7hwOdUA=
golang.org/x/net v0.53.0/go.mod h1:JvMuJH7rrdiCfbeHoo3fCQU24Lf5JJwT9W3sJFulfgs=
golang.org/x/oauth2 v0.36.0 h1:peZ/1z27fi9hUOFCAZaHyrpWG5lwe0RJEEEeH0ThlIs=
golang.org/x/oauth2 v0.36.0/go.mod h1:YDBUJMTkDnJS+A4BP4eZBjCqtokkg1hODuPjwiGPO7Q=
golang.org/x/sync v0.20.0 h1:e0PTpb7pjO8GAtTs2dQ6jYa5BWYlMuX047Dco/pItO4=
golang.org/x/sync v0.20.0/go.mod h1:9xrNwdLfx4jkKbNva9FpL6vEN7evnE43NNNJQ2LF3+0=
golang.org/x/sys v0.0.0-20190916202348-b4ddaad3f8a3/go.mod h1:h1NjWce9XRLGQEsW7wpKNCjG9DtNlClVuFLEZdDNbEs=
golang.org/x/sys v0.0.0-20201204225414-ed752295db88/go.mod h1:h1NjWce9XRLGQEsW7wpKNCjG9DtNlClVuFLEZdDNbEs=
golang.org/x/sys v0.46.0 h1:noSf2Fq6F8DBgS+LysIkx7rIExoNHJsxOAtPp4rthXw=
golang.org/x/sys v0.46.0/go.mod h1:4GL1E5IUh+htKOUEOaiffhrAeqysfVGipDYzABqnCmw=
golang.org/x/text v0.37.0 h1:Cqjiwd9eSg8e0QAkyCaQTNHFIIzWtidPahFWR83rTrc=
golang.org/x/text v0.37.0/go.mod h1:a5sjxXGs9hsn/AJVwuElvCAo9v8QYLzvavO5z2PiM38=
golang.org/x/tools v0.44.0 h1:UP4ajHPIcuMjT1GqzDWRlalUEoY+uzoZKnhOjbIPD2c=
golang.org/x/tools v0.44.0/go.mod h1:KA0AfVErSdxRZIsOVipbv3rQhVXTnlU6UhKxHd1seDI=
golang.org/x/xerrors v0.0.0-20191204190536-9bdfabe68543/go.mod h1:I/5z698sn9Ka8TeJc9MKroUUfqBBauWjQqLJ2OPfmY0=
gopkg.in/check.v1 v0.0.0-20161208181325-20d25e280405/go.mod h1:Co6ibVJAznAaIkqp8huTwlJQCZ016jof/cbN4VW5Yz0=
gopkg.in/check.v1 v1.0.0-20201130134442-10cb98267c6c h1:Hei/4ADfdWqJk1ZMxUNpqntNwaWcugrBjAiHlqqRiVk=
gopkg.in/check.v1 v1.0.0-20201130134442-10cb98267c6c/go.mod h1:JHkPIbrfpd72SG/EVd6muEfDQjcINNoR0C8j2r3qZ4Q=
gopkg.in/yaml.v3 v3.0.1 h1:fxVm/GzAzEWqLHuvctI91KS9hhNmmWOoWu0XTYJS7CA=
gopkg.in/yaml.v3 v3.0.1/go.mod h1:K4uyk7z7BCEPqu6E+C64Yfv1cQ7kz7rIZviUmN+EgEM=
gotest.tools/v3 v3.5.2 h1:7koQfIKdy+I8UTetycgUqXWSDwpgv193Ka+qRsmBY8Q=
gotest.tools/v3 v3.5.2/go.mod h1:LtdLGcnqToBH83WByAAi/wiwSFCArdFIUV/xxN4pcjA=
