# This file is autogenerated, do not edit; changes may be undone by the next 'dep ensure'.


[[projects]]
  digest = "1:55388fd080150b9a072912f97b1f5891eb0b50df43401f8b75fb4273d3fec9fc"
  name = "github.com/Masterminds/semver"
  packages = ["."]
  pruneopts = "UT"
  revision = "c7af12943936e8c39859482e61f0574c2fd7fc75"
  version = "v1.4.2"

[[projects]]
  digest = "1:705c40022f5c03bf96ffeb6477858d88565064485a513abcd0f11a0911546cb6"
  name = "github.com/blang/semver"
  packages = ["."]
  pruneopts = "UT"
  revision = "2ee87856327ba09384cabd113bc6b5d174e9ec0f"
  version = "v3.5.1"

[[projects]]
  digest = "1:5702fe0fef33e81d351e37d3cfb9e88fe16bc68c821d973c439c63112899384b"
  name = "github.com/bmatcuk/doublestar"
  packages = ["."]
  pruneopts = "UT"
  revision = "b3608229437ba4dc33dae64d56a79a2a73f1f6b2"
  version = "v1.0.9"

[[projects]]
  branch = "master"
  digest = "1:454adc7f974228ff789428b6dc098638c57a64aa0718f0bd61e53d3cd39d7a75"
  name = "github.com/chzyer/readline"
  packages = ["."]
  pruneopts = "UT"
  revision = "2972be24d48e78746da79ba8e24e8b488c9880de"

[[projects]]
  digest = "1:15042ad3498153684d09f393bbaec6b216c8eec6d61f63dff711de7d64ed8861"
  name = "github.com/golang/protobuf"
  packages = ["proto"]
  pruneopts = "UT"
  revision = "b4deda0973fb4c70b50d226b1af49f3da59f5265"
  version = "v1.1.0"

[[projects]]
  digest = "1:2e3c336fc7fde5c984d2841455a658a6d626450b1754a854b3b32e7a8f49a07a"
  name = "github.com/google/go-cmp"
  packages = [
    "cmp",
    "cmp/internal/diff",
    "cmp/internal/function",
    "cmp/internal/value",
  ]
  pruneopts = "UT"
  revision = "3af367b6b30c263d47e8895973edcca9a49cf029"
  version = "v0.2.0"

[[projects]]
  digest = "1:51bee9f1987dcdb9f9a1b4c20745d78f6bf6f5f14ad4e64ca883eb64df4c0045"
  name = "github.com/google/go-github"
  packages = ["github"]
  pruneopts = "UT"
  revision = "e48060a28fac52d0f1cb758bc8b87c07bac4a87d"
  version = "v15.0.0"

[[projects]]
  branch = "master"
  digest = "1:a63cff6b5d8b95638bfe300385d93b2a6d9d687734b863da8e09dc834510a690"
  name = "github.com/google/go-querystring"
  packages = ["query"]
  pruneopts = "UT"
  revision = "53e6ce116135b80d037921a7fdd5138cf32d7a8a"

[[projects]]
  branch = "master"
  digest = "1:f3b0cfd42716269884bf06df5d5be9e54161d5af0a2f0ccca08717928dd45fc5"
  name = "github.com/inconshreveable/go-update"
  packages = [
    ".",
    "internal/binarydist",
    "internal/osext",
  ]
  pruneopts = "UT"
  revision = "8152e7eb6ccf8679a64582a66b78519688d156ad"

[[projects]]
  digest = "1:870d441fe217b8e689d7949fef6e43efbc787e50f200cb1e70dbca9204a1d6be"
  name = "github.com/inconshreveable/mousetrap"
  packages = ["."]
  pruneopts = "UT"
  revision = "76626ae9c91c4f2a10f34cad8ce83ea42c93bb75"
  version = "v1.0"

[[projects]]
  branch = "master"
  digest = "1:e51f40f0c19b39c1825eadd07d5c0a98a2ad5942b166d9fc4f54750ce9a04810"
  name = "github.com/juju/ansiterm"
  packages = [
    ".",
    "tabwriter",
  ]
  pruneopts = "UT"
  revision = "720a0952cc2ac777afc295d9861263e2a4cf96a1"

[[projects]]
  branch = "master"
  digest = "1:586d64cc78241ec7896fd170256b1d1f98bfd16757fce222927fd928431461a1"
  name = "github.com/lunixbochs/vtclean"
  packages = ["."]
  pruneopts = "UT"
  revision = "d14193dfc626125c831501c1c42340b4248e1f5a"

[[projects]]
  digest = "1:e3294b38b5590a93f57da4a340158802222f3bb41377ebc796dbc6e2e586ee3a"
  name = "github.com/manifoldco/promptui"
  packages = [
    ".",
    "list",
    "screenbuf",
  ]
  pruneopts = "UT"
  revision = "3dd80c00b7cb0bc779d1c204da6f3ae0fa6a4eee"
  version = "v0.3.0"

[[projects]]
  digest = "1:c658e84ad3916da105a761660dcaeb01e63416c8ec7bc62256a9b411a05fcd67"
  name = "github.com/mattn/go-colorable"
  packages = ["."]
  pruneopts = "UT"
  revision = "167de6bfdfba052fa6b2d3664c8f5272e23c9072"
  version = "v0.0.9"

[[projects]]
  digest = "1:d4d17353dbd05cb52a2a52b7fe1771883b682806f68db442b436294926bbfafb"
  name = "github.com/mattn/go-isatty"
  packages = ["."]
  pruneopts = "UT"
  revision = "0360b2af4f38e8d38c7fce2a9f4e702702d73a39"
  version = "v0.0.3"

[[projects]]
  branch = "master"
  digest = "1:e730597b38a4d56e2361e0b6236cb800e52c73cace2ff91396f4ff35792ddfa7"
  name = "github.com/mitchellh/mapstructure"
  packages = ["."]
  pruneopts = "UT"
  revision = "bb74f1db0675b241733089d5a1faa5dd8b0ef57b"

[[projects]]
  digest = "1:72f35d3e412bc67b121e15ea4c88a3b3da8bcbc2264339e7ffa4a1865799840c"
  name = "github.com/onsi/ginkgo"
  packages = [
    ".",
    "config",
    "internal/codelocation",
    "internal/containernode",
    "internal/failer",
    "internal/leafnodes",
    "internal/remote",
    "internal/spec",
    "internal/spec_iterator",
    "internal/specrunner",
    "internal/suite",
    "internal/testingtproxy",
    "internal/writer",
    "reporters",
    "reporters/stenographer",
    "reporters/stenographer/support/go-colorable",
    "reporters/stenographer/support/go-isatty",
    "types",
  ]
  pruneopts = "UT"
  revision = "fa5fabab2a1bfbd924faf4c067d07ae414e2aedf"
  version = "v1.5.0"

[[projects]]
  digest = "1:185819f9c22b060c33ee44aaf1079dc403a65074225c014f57328ed8ed01c8fd"
  name = "github.com/onsi/gomega"
  packages = [
    ".",
    "format",
    "gbytes",
    "gexec",
    "ghttp",
    "internal/assertion",
    "internal/asyncassertion",
    "internal/oraclematcher",
    "internal/testingtsupport",
    "matchers",
    "matchers/support/goraph/bipartitegraph",
    "matchers/support/goraph/edge",
    "matchers/support/goraph/node",
    "matchers/support/goraph/util",
    "types",
  ]
  pruneopts = "UT"
  revision = "62bff4df71bdbc266561a0caee19f0594b17c240"
  version = "v1.4.0"

[[projects]]
  digest = "1:40e195917a951a8bf867cd05de2a46aaf1806c50cf92eebf4c16f78cd196f747"
  name = "github.com/pkg/errors"
  packages = ["."]
  pruneopts = "UT"
  revision = "645ef00459ed84a119197bfb8d8205042c6df63d"
  version = "v0.8.0"

[[projects]]
  branch = "master"
  digest = "1:16e6fde687529deaefbeff14841b694cb6d67dfc31884bac6214313e96e107bc"
  name = "github.com/rhysd/go-github-selfupdate"
  packages = ["selfupdate"]
  pruneopts = "UT"
  revision = "41c1bbb0804a2994dae69502a8c76e7c456ad45e"

[[projects]]
  digest = "1:645cabccbb4fa8aab25a956cbcbdf6a6845ca736b2c64e197ca7cbb9d210b939"
  name = "github.com/spf13/cobra"
  packages = ["."]
  pruneopts = "UT"
  revision = "ef82de70bb3f60c65fb8eebacbb2d122ef517385"
  version = "v0.0.3"

[[projects]]
  digest = "1:9424f440bba8f7508b69414634aef3b2b3a877e522d8a4624692412805407bb7"
  name = "github.com/spf13/pflag"
  packages = ["."]
  pruneopts = "UT"
  revision = "583c0c0531f06d5278b7d917446061adc344b5cd"
  version = "v1.0.1"

[[projects]]
  digest = "1:ebabd8967efa341b15e51b329eb5b7ebc69b573fb4adb4ac2433fa532edcadbc"
  name = "github.com/tcnksm/go-gitconfig"
  packages = ["."]
  pruneopts = "UT"
  revision = "d154598bacbf4501c095a309753c5d4af66caa81"
  version = "v0.1.2"

[[projects]]
  digest = "1:4aeb3860275fa1fd60cccfb5a6ef85da438bf17402e1e84412ade4d4b55066a0"
  name = "github.com/ulikunitz/xz"
  packages = [
    ".",
    "internal/hash",
    "internal/xlog",
    "lzma",
  ]
  pruneopts = "UT"
  revision = "0c6b41e72360850ca4f98dc341fd999726ea007f"
  version = "v0.5.4"

[[projects]]
  branch = "master"
  digest = "1:e5bae3d8b2593645cfc861ec116d7087eb56ab350cde2fdbaf0003786955586c"
  name = "golang.org/x/net"
  packages = [
    "context",
    "context/ctxhttp",
    "html",
    "html/atom",
    "html/charset",
  ]
  pruneopts = "UT"
  revision = "1e491301e022f8f977054da4c2d852decd59571f"

[[projects]]
  branch = "master"
  digest = "1:af19f6e6c369bf51ef226e989034cd88a45083173c02ac4d7ab74c9a90d356b7"
  name = "golang.org/x/oauth2"
  packages = [
    ".",
    "internal",
  ]
  pruneopts = "UT"
  revision = "3d292e4d0cdc3a0113e6d207bb137145ef1de42f"

[[projects]]
  branch = "master"
  digest = "1:fcf2b18db0af0f60d58e71ae8ed15555d46fdca3fc2529f65a14cef30ced981f"
  name = "golang.org/x/sys"
  packages = ["unix"]
  pruneopts = "UT"
  revision = "c11f84a56e43e20a78cee75a7c034031ecf57d1f"

[[projects]]
  digest = "1:aa4d6967a3237f8367b6bf91503964a77183ecf696f1273e8ad3551bb4412b5f"
  name = "golang.org/x/text"
  packages = [
    "encoding",
    "encoding/charmap",
    "encoding/htmlindex",
    "encoding/internal",
    "encoding/internal/identifier",
    "encoding/japanese",
    "encoding/korean",
    "encoding/simplifiedchinese",
    "encoding/traditionalchinese",
    "encoding/unicode",
    "internal/gen",
    "internal/tag",
    "internal/utf8internal",
    "language",
    "runes",
    "transform",
    "unicode/cldr",
  ]
  pruneopts = "UT"
  revision = "f21a4dfb5e38f5895301dc265a8def02365cc3d0"
  version = "v0.3.0"

[[projects]]
  digest = "1:328b5e4f197d928c444a51a75385f4b978915c0e75521f0ad6a3db976c97a7d3"
  name = "google.golang.org/appengine"
  packages = [
    "internal",
    "internal/base",
    "internal/datastore",
    "internal/log",
    "internal/remote_api",
    "internal/urlfetch",
    "urlfetch",
  ]
  pruneopts = "UT"
  revision = "b1f26356af11148e710935ed1ac8a7f5702c7612"
  version = "v1.1.0"

[[projects]]
  digest = "1:342378ac4dcb378a5448dd723f0784ae519383532f5e70ade24132c4c8693202"
  name = "gopkg.in/yaml.v2"
  packages = ["."]
  pruneopts = "UT"
  revision = "5420a8b6744d3b0345ab293f6fcba19c978f1183"
  version = "v2.2.1"

[[projects]]
  digest = "1:23fe6c6a60e25700c53335117c4176780d207c7799958ad051d0a8b82b00efb6"
  name = "gotest.tools"
  packages = [
    "assert",
    "assert/cmp",
    "golden",
    "internal/difflib",
    "internal/format",
    "internal/source",
  ]
  pruneopts = "UT"
  revision = "b6e20af1ed078cd01a6413b734051a292450b4cb"
  version = "v2.1.0"

[solve-meta]
  analyzer-name = "dep"
  analyzer-version = 1
  input-imports = [
    "github.com/Masterminds/semver",
    "github.com/blang/semver",
    "github.com/bmatcuk/doublestar",
    "github.com/google/go-github/github",
    "github.com/manifoldco/promptui",
    "github.com/mitchellh/mapstructure",
    "github.com/onsi/ginkgo",
    "github.com/onsi/gomega",
    "github.com/onsi/gomega/gbytes",
    "github.com/onsi/gomega/gexec",
    "github.com/onsi/gomega/ghttp",
    "github.com/pkg/errors",
    "github.com/rhysd/go-github-selfupdate/selfupdate",
    "github.com/spf13/cobra",
    "github.com/spf13/pflag",
    "gopkg.in/yaml.v2",
    "gotest.tools/golden",
  ]
  solver-name = "gps-cdcl"
  solver-version = 1
